// !$*UTF8*$!
{
	archiveVersion = 1;
	classes = {
	};
	objectVersion = 56;
	objects = {

/* Begin PBXBuildFile section */
		BE342ACA2C115ADF00AECE93 /* AppDelegate.swift in Sources */ = {isa = PBXBuildFile; fileRef = BE342AC92C115ADF00AECE93 /* AppDelegate.swift */; };
		BE342ACC2C115ADF00AECE93 /* SceneDelegate.swift in Sources */ = {isa = PBXBuildFile; fileRef = BE342ACB2C115ADF00AECE93 /* SceneDelegate.swift */; };
		BE342ACE2C115ADF00AECE93 /* MainViewController.swift in Sources */ = {isa = PBXBuildFile; fileRef = BE342ACD2C115ADF00AECE93 /* MainViewController.swift */; };
		BE342AD12C115ADF00AECE93 /* Base in Resources */ = {isa = PBXBuildFile; fileRef = BE342AD02C115ADF00AECE93 /* Base */; };
		BE342AD32C115AE000AECE93 /* Assets.xcassets in Resources */ = {isa = PBXBuildFile; fileRef = BE342AD22C115AE000AECE93 /* Assets.xcassets */; };
		BE342AD62C115AE000AECE93 /* Base in Resources */ = {isa = PBXBuildFile; fileRef = BE342AD52C115AE000AECE93 /* Base */; };
		BE9FC4FC2C1EF7CD00B33F0D /* SignUpViewController.swift in Sources */ = {isa = PBXBuildFile; fileRef = BE9FC4FB2C1EF7CD00B33F0D /* SignUpViewController.swift */; };
		BE9FC4FE2C1EFED200B33F0D /* GoogleService-Info.plist in Resources */ = {isa = PBXBuildFile; fileRef = BE9FC4FD2C1EFED200B33F0D /* GoogleService-Info.plist */; };
		BE9FC5062C1F2BAE00B33F0D /* CustomTableViewCell.swift in Sources */ = {isa = PBXBuildFile; fileRef = BE9FC5052C1F2BAE00B33F0D /* CustomTableViewCell.swift */; };
		BE9FC5082C1F49E000B33F0D /* MapViewController.swift in Sources */ = {isa = PBXBuildFile; fileRef = BE9FC5072C1F49E000B33F0D /* MapViewController.swift */; };
		BEF207662C1160CE00089EF0 /* AddItemViewController.swift in Sources */ = {isa = PBXBuildFile; fileRef = BEF207652C1160CE00089EF0 /* AddItemViewController.swift */; };
		BEF2076C2C11B28700089EF0 /* FirebaseAuth in Frameworks */ = {isa = PBXBuildFile; productRef = BEF2076B2C11B28700089EF0 /* FirebaseAuth */; };
		BEF2076E2C11B28700089EF0 /* FirebaseFirestore in Frameworks */ = {isa = PBXBuildFile; productRef = BEF2076D2C11B28700089EF0 /* FirebaseFirestore */; };
		BEF207702C11B28700089EF0 /* FirebaseStorage in Frameworks */ = {isa = PBXBuildFile; productRef = BEF2076F2C11B28700089EF0 /* FirebaseStorage */; };
		BEF207722C11B2DB00089EF0 /* LoginViewController.swift in Sources */ = {isa = PBXBuildFile; fileRef = BEF207712C11B2DB00089EF0 /* LoginViewController.swift */; };
/* End PBXBuildFile section */

/* Begin PBXFileReference section */
		BE342AC62C115ADF00AECE93 /* ToDoListApp.app */ = {isa = PBXFileReference; explicitFileType = wrapper.application; includeInIndex = 0; path = ToDoListApp.app; sourceTree = BUILT_PRODUCTS_DIR; };
		BE342AC92C115ADF00AECE93 /* AppDelegate.swift */ = {isa = PBXFileReference; lastKnownFileType = sourcecode.swift; path = AppDelegate.swift; sourceTree = "<group>"; };
		BE342ACB2C115ADF00AECE93 /* SceneDelegate.swift */ = {isa = PBXFileReference; lastKnownFileType = sourcecode.swift; path = SceneDelegate.swift; sourceTree = "<group>"; };
		BE342ACD2C115ADF00AECE93 /* MainViewController.swift */ = {isa = PBXFileReference; lastKnownFileType = sourcecode.swift; path = MainViewController.swift; sourceTree = "<group>"; };
		BE342AD02C115ADF00AECE93 /* Base */ = {isa = PBXFileReference; lastKnownFileType = file.storyboard; name = Base; path = Base.lproj/Main.storyboard; sourceTree = "<group>"; };
		BE342AD22C115AE000AECE93 /* Assets.xcassets */ = {isa = PBXFileReference; lastKnownFileType = folder.assetcatalog; path = Assets.xcassets; sourceTree = "<group>"; };
		BE342AD52C115AE000AECE93 /* Base */ = {isa = PBXFileReference; lastKnownFileType = file.storyboard; name = Base; path = Base.lproj/LaunchScreen.storyboard; sourceTree = "<group>"; };
		BE342AD72C115AE000AECE93 /* Info.plist */ = {isa = PBXFileReference; lastKnownFileType = text.plist.xml; path = Info.plist; sourceTree = "<group>"; };
		BE9FC4FB2C1EF7CD00B33F0D /* SignUpViewController.swift */ = {isa = PBXFileReference; lastKnownFileType = sourcecode.swift; path = SignUpViewController.swift; sourceTree = "<group>"; };
		BE9FC4FD2C1EFED200B33F0D /* GoogleService-Info.plist */ = {isa = PBXFileReference; fileEncoding = 4; lastKnownFileType = text.plist.xml; name = "GoogleService-Info.plist"; path = "../../../../../../Downloads/GoogleService-Info.plist"; sourceTree = "<group>"; };
		BE9FC5052C1F2BAE00B33F0D /* CustomTableViewCell.swift */ = {isa = PBXFileReference; lastKnownFileType = sourcecode.swift; path = CustomTableViewCell.swift; sourceTree = "<group>"; };
		BE9FC5072C1F49E000B33F0D /* MapViewController.swift */ = {isa = PBXFileReference; lastKnownFileType = sourcecode.swift; path = MapViewController.swift; sourceTree = "<group>"; };
		BEF207652C1160CE00089EF0 /* AddItemViewController.swift */ = {isa = PBXFileReference; lastKnownFileType = sourcecode.swift; path = AddItemViewController.swift; sourceTree = "<group>"; };
		BEF207712C11B2DB00089EF0 /* LoginViewController.swift */ = {isa = PBXFileReference; lastKnownFileType = sourcecode.swift; path = LoginViewController.swift; sourceTree = "<group>"; };
/* End PBXFileReference section */

/* Begin PBXFrameworksBuildPhase section */
		BE342AC32C115ADF00AECE93 /* Frameworks */ = {
			isa = PBXFrameworksBuildPhase;
			buildActionMask = 2147483647;
			files = (
				BEF2076C2C11B28700089EF0 /* FirebaseAuth in Frameworks */,
				BEF2076E2C11B28700089EF0 /* FirebaseFirestore in Frameworks */,
				BEF207702C11B28700089EF0 /* FirebaseStorage in Frameworks */,
			);
			runOnlyForDeploymentPostprocessing = 0;
		};
/* End PBXFrameworksBuildPhase section */

/* Begin PBXGroup section */
		BE342ABD2C115ADF00AECE93 = {
			isa = PBXGroup;
			children = (
				BE342AC82C115ADF00AECE93 /* ToDoListApp */,
				BE342AC72C115ADF00AECE93 /* Products */,
				BEF2076A2C11B28700089EF0 /* Frameworks */,
			);
			sourceTree = "<group>";
		};
		BE342AC72C115ADF00AECE93 /* Products */ = {
			isa = PBXGroup;
			children = (
				BE342AC62C115ADF00AECE93 /* ToDoListApp.app */,
			);
			name = Products;
			sourceTree = "<group>";
		};
		BE342AC82C115ADF00AECE93 /* ToDoListApp */ = {
			isa = PBXGroup;
			children = (
				BE342AC92C115ADF00AECE93 /* AppDelegate.swift */,
				BE342ACB2C115ADF00AECE93 /* SceneDelegate.swift */,
				BE342ACD2C115ADF00AECE93 /* MainViewController.swift */,
				BE9FC5052C1F2BAE00B33F0D /* CustomTableViewCell.swift */,
				BEF207652C1160CE00089EF0 /* AddItemViewController.swift */,
				BE9FC5072C1F49E000B33F0D /* MapViewController.swift */,
				BE9FC4FB2C1EF7CD00B33F0D /* SignUpViewController.swift */,
				BEF207712C11B2DB00089EF0 /* LoginViewController.swift */,
				BE342ACF2C115ADF00AECE93 /* Main.storyboard */,
				BE342AD22C115AE000AECE93 /* Assets.xcassets */,
				BE342AD42C115AE000AECE93 /* LaunchScreen.storyboard */,
				BE342AD72C115AE000AECE93 /* Info.plist */,
				BE9FC4FD2C1EFED200B33F0D /* GoogleService-Info.plist */,
			);
			path = ToDoListApp;
			sourceTree = "<group>";
		};
		BEF2076A2C11B28700089EF0 /* Frameworks */ = {
			isa = PBXGroup;
			children = (
			);
			name = Frameworks;
			sourceTree = "<group>";
		};
/* End PBXGroup section */

/* Begin PBXNativeTarget section */
		BE342AC52C115ADF00AECE93 /* ToDoListApp */ = {
			isa = PBXNativeTarget;
			buildConfigurationList = BE342ADA2C115AE000AECE93 /* Build configuration list for PBXNativeTarget "ToDoListApp" */;
			buildPhases = (
				BE342AC22C115ADF00AECE93 /* Sources */,
				BE342AC32C115ADF00AECE93 /* Frameworks */,
				BE342AC42C115ADF00AECE93 /* Resources */,
			);
			buildRules = (
			);
			dependencies = (
			);
			name = ToDoListApp;
			packageProductDependencies = (
				BEF2076B2C11B28700089EF0 /* FirebaseAuth */,
				BEF2076D2C11B28700089EF0 /* FirebaseFirestore */,
				BEF2076F2C11B28700089EF0 /* FirebaseStorage */,
			);
			productName = ToDoListApp;
			productReference = BE342AC62C115ADF00AECE93 /* ToDoListApp.app */;
			productType = "com.apple.product-type.application";
		};
/* End PBXNativeTarget section */

/* Begin PBXProject section */
		BE342ABE2C115ADF00AECE93 /* Project object */ = {
			isa = PBXProject;
			attributes = {
				BuildIndependentTargetsInParallel = 1;
				LastSwiftUpdateCheck = 1540;
				LastUpgradeCheck = 1540;
				TargetAttributes = {
					BE342AC52C115ADF00AECE93 = {
						CreatedOnToolsVersion = 15.4;
					};
				};
			};
			buildConfigurationList = BE342AC12C115ADF00AECE93 /* Build configuration list for PBXProject "ToDoListApp" */;
			compatibilityVersion = "Xcode 14.0";
			developmentRegion = en;
			hasScannedForEncodings = 0;
			knownRegions = (
				en,
				Base,
			);
			mainGroup = BE342ABD2C115ADF00AECE93;
			packageReferences = (
				BEF207692C11AD9F00089EF0 /* XCRemoteSwiftPackageReference "firebase-ios-sdk" */,
			);
			productRefGroup = BE342AC72C115ADF00AECE93 /* Products */;
			projectDirPath = "";
			projectRoot = "";
			targets = (
				BE342AC52C115ADF00AECE93 /* ToDoListApp */,
			);
		};
/* End PBXProject section */

/* Begin PBXResourcesBuildPhase section */
		BE342AC42C115ADF00AECE93 /* Resources */ = {
			isa = PBXResourcesBuildPhase;
			buildActionMask = 2147483647;
			files = (
				BE342AD32C115AE000AECE93 /* Assets.xcassets in Resources */,
				BE9FC4FE2C1EFED200B33F0D /* GoogleService-Info.plist in Resources */,
				BE342AD62C115AE000AECE93 /* Base in Resources */,
				BE342AD12C115ADF00AECE93 /* Base in Resources */,
			);
			runOnlyForDeploymentPostprocessing = 0;
		};
/* End PBXResourcesBuildPhase section */

/* Begin PBXSourcesBuildPhase section */
		BE342AC22C115ADF00AECE93 /* Sources */ = {
			isa = PBXSourcesBuildPhase;
			buildActionMask = 2147483647;
			files = (
				BE9FC4FC2C1EF7CD00B33F0D /* SignUpViewController.swift in Sources */,
				BE342ACE2C115ADF00AECE93 /* MainViewController.swift in Sources */,
				BEF207662C1160CE00089EF0 /* AddItemViewController.swift in Sources */,
				BE9FC5062C1F2BAE00B33F0D /* CustomTableViewCell.swift in Sources */,
				BE342ACA2C115ADF00AECE93 /* AppDelegate.swift in Sources */,
				BEF207722C11B2DB00089EF0 /* LoginViewController.swift in Sources */,
				BE342ACC2C115ADF00AECE93 /* SceneDelegate.swift in Sources */,
				BE9FC5082C1F49E000B33F0D /* MapViewController.swift in Sources */,
			);
			runOnlyForDeploymentPostprocessing = 0;
		};
/* End PBXSourcesBuildPhase section */

/* Begin PBXVariantGroup section */
		BE342ACF2C115ADF00AECE93 /* Main.storyboard */ = {
			isa = PBXVariantGroup;
			children = (
				BE342AD02C115ADF00AECE93 /* Base */,
			);
			name = Main.storyboard;
			sourceTree = "<group>";
		};
		BE342AD42C115AE000AECE93 /* LaunchScreen.storyboard */ = {
			isa = PBXVariantGroup;
			children = (
				BE342AD52C115AE000AECE93 /* Base */,
			);
			name = LaunchScreen.storyboard;
			sourceTree = "<group>";
		};
/* End PBXVariantGroup section */

/* Begin XCBuildConfiguration section */
		BE342AD82C115AE000AECE93 /* Debug */ = {
			isa = XCBuildConfiguration;
			buildSettings = {
				ALWAYS_SEARCH_USER_PATHS = NO;
				ASSETCATALOG_COMPILER_GENERATE_SWIFT_ASSET_SYMBOL_EXTENSIONS = YES;
				CLANG_ANALYZER_NONNULL = YES;
				CLANG_ANALYZER_NUMBER_OBJECT_CONVERSION = YES_AGGRESSIVE;
				CLANG_CXX_LANGUAGE_STANDARD = "gnu++20";
				CLANG_ENABLE_MODULES = YES;
				CLANG_ENABLE_OBJC_ARC = YES;
				CLANG_ENABLE_OBJC_WEAK = YES;
				CLANG_WARN_BLOCK_CAPTURE_AUTORELEASING = YES;
				CLANG_WARN_BOOL_CONVERSION = YES;
				CLANG_WARN_COMMA = YES;
				CLANG_WARN_CONSTANT_CONVERSION = YES;
				CLANG_WARN_DEPRECATED_OBJC_IMPLEMENTATIONS = YES;
				CLANG_WARN_DIRECT_OBJC_ISA_USAGE = YES_ERROR;
				CLANG_WARN_DOCUMENTATION_COMMENTS = YES;
				CLANG_WARN_EMPTY_BODY = YES;
				CLANG_WARN_ENUM_CONVERSION = YES;
				CLANG_WARN_INFINITE_RECURSION = YES;
				CLANG_WARN_INT_CONVERSION = YES;
				CLANG_WARN_NON_LITERAL_NULL_CONVERSION = YES;
				CLANG_WARN_OBJC_IMPLICIT_RETAIN_SELF = YES;
				CLANG_WARN_OBJC_LITERAL_CONVERSION = YES;
				CLANG_WARN_OBJC_ROOT_CLASS = YES_ERROR;
				CLANG_WARN_QUOTED_INCLUDE_IN_FRAMEWORK_HEADER = YES;
				CLANG_WARN_RANGE_LOOP_ANALYSIS = YES;
				CLANG_WARN_STRICT_PROTOTYPES = YES;
				CLANG_WARN_SUSPICIOUS_MOVE = YES;
				CLANG_WARN_UNGUARDED_AVAILABILITY = YES_AGGRESSIVE;
				CLANG_WARN_UNREACHABLE_CODE = YES;
				CLANG_WARN__DUPLICATE_METHOD_MATCH = YES;
				COPY_PHASE_STRIP = NO;
				DEBUG_INFORMATION_FORMAT = dwarf;
				ENABLE_STRICT_OBJC_MSGSEND = YES;
				ENABLE_TESTABILITY = YES;
				ENABLE_USER_SCRIPT_SANDBOXING = YES;
				GCC_C_LANGUAGE_STANDARD = gnu17;
				GCC_DYNAMIC_NO_PIC = NO;
				GCC_NO_COMMON_BLOCKS = YES;
				GCC_OPTIMIZATION_LEVEL = 0;
				GCC_PREPROCESSOR_DEFINITIONS = (
					"DEBUG=1",
					"$(inherited)",
				);
				GCC_WARN_64_TO_32_BIT_CONVERSION = YES;
				GCC_WARN_ABOUT_RETURN_TYPE = YES_ERROR;
				GCC_WARN_UNDECLARED_SELECTOR = YES;
				GCC_WARN_UNINITIALIZED_AUTOS = YES_AGGRESSIVE;
				GCC_WARN_UNUSED_FUNCTION = YES;
				GCC_WARN_UNUSED_VARIABLE = YES;
				IPHONEOS_DEPLOYMENT_TARGET = 17.5;
				LOCALIZATION_PREFERS_STRING_CATALOGS = YES;
				MTL_ENABLE_DEBUG_INFO = INCLUDE_SOURCE;
				MTL_FAST_MATH = YES;
				ONLY_ACTIVE_ARCH = YES;
				SDKROOT = iphoneos;
				SWIFT_ACTIVE_COMPILATION_CONDITIONS = "DEBUG $(inherited)";
				SWIFT_OPTIMIZATION_LEVEL = "-Onone";
			};
			name = Debug;
		};
		BE342AD92C115AE000AECE93 /* Release */ = {
			isa = XCBuildConfiguration;
			buildSettings = {
				ALWAYS_SEARCH_USER_PATHS = NO;
				ASSETCATALOG_COMPILER_GENERATE_SWIFT_ASSET_SYMBOL_EXTENSIONS = YES;
				CLANG_ANALYZER_NONNULL = YES;
				CLANG_ANALYZER_NUMBER_OBJECT_CONVERSION = YES_AGGRESSIVE;
				CLANG_CXX_LANGUAGE_STANDARD = "gnu++20";
				CLANG_ENABLE_MODULES = YES;
				CLANG_ENABLE_OBJC_ARC = YES;
				CLANG_ENABLE_OBJC_WEAK = YES;
				CLANG_WARN_BLOCK_CAPTURE_AUTORELEASING = YES;
				CLANG_WARN_BOOL_CONVERSION = YES;
				CLANG_WARN_COMMA = YES;
				CLANG_WARN_CONSTANT_CONVERSION = YES;
				CLANG_WARN_DEPRECATED_OBJC_IMPLEMENTATIONS = YES;
				CLANG_WARN_DIRECT_OBJC_ISA_USAGE = YES_ERROR;
				CLANG_WARN_DOCUMENTATION_COMMENTS = YES;
				CLANG_WARN_EMPTY_BODY = YES;
				CLANG_WARN_ENUM_CONVERSION = YES;
				CLANG_WARN_INFINITE_RECURSION = YES;
				CLANG_WARN_INT_CONVERSION = YES;
				CLANG_WARN_NON_LITERAL_NULL_CONVERSION = YES;
				CLANG_WARN_OBJC_IMPLICIT_RETAIN_SELF = YES;
				CLANG_WARN_OBJC_LITERAL_CONVERSION = YES;
				CLANG_WARN_OBJC_ROOT_CLASS = YES_ERROR;
				CLANG_WARN_QUOTED_INCLUDE_IN_FRAMEWORK_HEADER = YES;
				CLANG_WARN_RANGE_LOOP_ANALYSIS = YES;
				CLANG_WARN_STRICT_PROTOTYPES = YES;
				CLANG_WARN_SUSPICIOUS_MOVE = YES;
				CLANG_WARN_UNGUARDED_AVAILABILITY = YES_AGGRESSIVE;
				CLANG_WARN_UNREACHABLE_CODE = YES;
				CLANG_WARN__DUPLICATE_METHOD_MATCH = YES;
				COPY_PHASE_STRIP = NO;
				DEBUG_INFORMATION_FORMAT = "dwarf-with-dsym";
				ENABLE_NS_ASSERTIONS = NO;
				ENABLE_STRICT_OBJC_MSGSEND = YES;
				ENABLE_USER_SCRIPT_SANDBOXING = YES;
				GCC_C_LANGUAGE_STANDARD = gnu17;
				GCC_NO_COMMON_BLOCKS = YES;
				GCC_WARN_64_TO_32_BIT_CONVERSION = YES;
				GCC_WARN_ABOUT_RETURN_TYPE = YES_ERROR;
				GCC_WARN_UNDECLARED_SELECTOR = YES;
				GCC_WARN_UNINITIALIZED_AUTOS = YES_AGGRESSIVE;
				GCC_WARN_UNUSED_FUNCTION = YES;
				GCC_WARN_UNUSED_VARIABLE = YES;
				IPHONEOS_DEPLOYMENT_TARGET = 17.5;
				LOCALIZATION_PREFERS_STRING_CATALOGS = YES;
				MTL_ENABLE_DEBUG_INFO = NO;
				MTL_FAST_MATH = YES;
				SDKROOT = iphoneos;
				SWIFT_COMPILATION_MODE = wholemodule;
				VALIDATE_PRODUCT = YES;
			};
			name = Release;
		};
		BE342ADB2C115AE000AECE93 /* Debug */ = {
			isa = XCBuildConfiguration;
			buildSettings = {
				ASSETCATALOG_COMPILER_APPICON_NAME = AppIcon;
				ASSETCATALOG_COMPILER_GLOBAL_ACCENT_COLOR_NAME = AccentColor;
				CODE_SIGN_STYLE = Automatic;
				CURRENT_PROJECT_VERSION = 1;
				DEVELOPMENT_TEAM = 86G7L6GPF6;
				GENERATE_INFOPLIST_FILE = YES;
				INFOPLIST_FILE = ToDoListApp/Info.plist;
				INFOPLIST_KEY_UIApplicationSupportsIndirectInputEvents = YES;
				INFOPLIST_KEY_UILaunchStoryboardName = LaunchScreen;
				INFOPLIST_KEY_UIMainStoryboardFile = Main;
				INFOPLIST_KEY_UISupportedInterfaceOrientations_iPad = "UIInterfaceOrientationPortrait UIInterfaceOrientationPortraitUpsideDown UIInterfaceOrientationLandscapeLeft UIInterfaceOrientationLandscapeRight";
				INFOPLIST_KEY_UISupportedInterfaceOrientations_iPhone = "UIInterfaceOrientationPortrait UIInterfaceOrientationLandscapeLeft UIInterfaceOrientationLandscapeRight";
				IPHONEOS_DEPLOYMENT_TARGET = 15.1;
				LD_RUNPATH_SEARCH_PATHS = (
					"$(inherited)",
					"@executable_path/Frameworks",
				);
				MARKETING_VERSION = 1.0;
				PRODUCT_BUNDLE_IDENTIFIER = com.hansung.hyunho.ToDoListApp;
				PRODUCT_NAME = "$(TARGET_NAME)";
				SWIFT_EMIT_LOC_STRINGS = YES;
				SWIFT_VERSION = 5.0;
				TARGETED_DEVICE_FAMILY = "1,2";
			};
			name = Debug;
		};
		BE342ADC2C115AE000AECE93 /* Release */ = {
			isa = XCBuildConfiguration;
			buildSettings = {
				ASSETCATALOG_COMPILER_APPICON_NAME = AppIcon;
				ASSETCATALOG_COMPILER_GLOBAL_ACCENT_COLOR_NAME = AccentColor;
				CODE_SIGN_STYLE = Automatic;
				CURRENT_PROJECT_VERSION = 1;
				DEVELOPMENT_TEAM = 86G7L6GPF6;
				GENERATE_INFOPLIST_FILE = YES;
				INFOPLIST_FILE = ToDoListApp/Info.plist;
				INFOPLIST_KEY_UIApplicationSupportsIndirectInputEvents = YES;
				INFOPLIST_KEY_UILaunchStoryboardName = LaunchScreen;
				INFOPLIST_KEY_UIMainStoryboardFile = Main;
				INFOPLIST_KEY_UISupportedInterfaceOrientations_iPad = "UIInterfaceOrientationPortrait UIInterfaceOrientationPortraitUpsideDown UIInterfaceOrientationLandscapeLeft UIInterfaceOrientationLandscapeRight";
				INFOPLIST_KEY_UISupportedInterfaceOrientations_iPhone = "UIInterfaceOrientationPortrait UIInterfaceOrientationLandscapeLeft UIInterfaceOrientationLandscapeRight";
				IPHONEOS_DEPLOYMENT_TARGET = 15.1;
				LD_RUNPATH_SEARCH_PATHS = (
					"$(inherited)",
					"@executable_path/Frameworks",
				);
				MARKETING_VERSION = 1.0;
				PRODUCT_BUNDLE_IDENTIFIER = com.hansung.hyunho.ToDoListApp;
				PRODUCT_NAME = "$(TARGET_NAME)";
				SWIFT_EMIT_LOC_STRINGS = YES;
				SWIFT_VERSION = 5.0;
				TARGETED_DEVICE_FAMILY = "1,2";
			};
			name = Release;
		};
/* End XCBuildConfiguration section */

/* Begin XCConfigurationList section */
		BE342AC12C115ADF00AECE93 /* Build configuration list for PBXProject "ToDoListApp" */ = {
			isa = XCConfigurationList;
			buildConfigurations = (
				BE342AD82C115AE000AECE93 /* Debug */,
				BE342AD92C115AE000AECE93 /* Release */,
			);
			defaultConfigurationIsVisible = 0;
			defaultConfigurationName = Release;
		};
		BE342ADA2C115AE000AECE93 /* Build configuration list for PBXNativeTarget "ToDoListApp" */ = {
			isa = XCConfigurationList;
			buildConfigurations = (
				BE342ADB2C115AE000AECE93 /* Debug */,
				BE342ADC2C115AE000AECE93 /* Release */,
			);
			defaultConfigurationIsVisible = 0;
			defaultConfigurationName = Release;
		};
/* End XCConfigurationList section */

/* Begin XCRemoteSwiftPackageReference section */
		BEF207692C11AD9F00089EF0 /* XCRemoteSwiftPackageReference "firebase-ios-sdk" */ = {
			isa = XCRemoteSwiftPackageReference;
			repositoryURL = "https://github.com/firebase/firebase-ios-sdk";
			requirement = {
				kind = upToNextMajorVersion;
				minimumVersion = 10.27.0;
			};
		};
/* End XCRemoteSwiftPackageReference section */

/* Begin XCSwiftPackageProductDependency section */
		BEF2076B2C11B28700089EF0 /* FirebaseAuth */ = {
			isa = XCSwiftPackageProductDependency;
			package = BEF207692C11AD9F00089EF0 /* XCRemoteSwiftPackageReference "firebase-ios-sdk" */;
			productName = FirebaseAuth;
		};
		BEF2076D2C11B28700089EF0 /* FirebaseFirestore */ = {
			isa = XCSwiftPackageProductDependency;
			package = BEF207692C11AD9F00089EF0 /* XCRemoteSwiftPackageReference "firebase-ios-sdk" */;
			productName = FirebaseFirestore;
		};
		BEF2076F2C11B28700089EF0 /* FirebaseStorage */ = {
			isa = XCSwiftPackageProductDependency;
			package = BEF207692C11AD9F00089EF0 /* XCRemoteSwiftPackageReference "firebase-ios-sdk" */;
			productName = FirebaseStorage;
		};
/* End XCSwiftPackageProductDependency section */
	};
	rootObject = BE342ABE2C115ADF00AECE93 /* Project object */;
}
